
Microsoft Visual Studio Solution File, Format Version 12.00
# Visual Studio Version 16
VisualStudioVersion = 16.0.30204.135
MinimumVisualStudioVersion = 10.0.40219.1
Project("{9A19103F-16F7-4668-BE54-9A1E7A4F7556}") = "Core_WebApp", "Core_WebApp\Core_WebApp.csproj", "{4B6317A0-CD5C-4509-ACAA-086DF7590B0D}"
EndProject
Project("{9A19103F-16F7-4668-BE54-9A1E7A4F7556}") = "XUnitTestProjectSample", "..\XUnitTestProjectSample\XUnitTestProjectSample.csproj", "{E4E9EF78-E7F1-4CEE-93FF-E80C9FB1CA5A}"
EndProject
Global
	GlobalSection(SolutionConfigurationPlatforms) = preSolution
		Debug|Any CPU = Debug|Any CPU
		Release|Any CPU = Release|Any CPU
	EndGlobalSection
	GlobalSection(ProjectConfigurationPlatforms) = postSolution
		{4B6317A0-CD5C-4509-ACAA-086DF7590B0D}.Debug|Any CPU.ActiveCfg = Debug|Any CPU
		{4B6317A0-CD5C-4509-ACAA-086DF7590B0D}.Debug|Any CPU.Build.0 = Debug|Any CPU
		{4B6317A0-CD5C-4509-ACAA-086DF7590B0D}.Release|Any CPU.ActiveCfg = Release|Any CPU
		{4B6317A0-CD5C-4509-ACAA-086DF7590B0D}.Release|Any CPU.Build.0 = Release|Any CPU
		{E4E9EF78-E7F1-4CEE-93FF-E80C9FB1CA5A}.Debug|Any CPU.ActiveCfg = Debug|Any CPU
		{E4E9EF78-E7F1-4CEE-93FF-E80C9FB1CA5A}.Debug|Any CPU.Build.0 = Debug|Any CPU
		{E4E9EF78-E7F1-4CEE-93FF-E80C9FB1CA5A}.Release|Any CPU.ActiveCfg = Release|Any CPU
		{E4E9EF78-E7F1-4CEE-93FF-E80C9FB1CA5A}.Release|Any CPU.Build.0 = Release|Any CPU
	EndGlobalSection
	GlobalSection(SolutionProperties) = preSolution
		HideSolutionNode = FALSE
	EndGlobalSection
	GlobalSection(ExtensibilityGlobals) = postSolution
		SolutionGuid = {14AB2D74-78B4-485C-A91B-684B2F25FCA9}
	EndGlobalSection
EndGlobal
